
Microsoft Visual Studio Solution File, Format Version 12.00
# Visual Studio Version 17
VisualStudioVersion = 17.12.35707.178
MinimumVisualStudioVersion = 10.0.40219.1
Project("{FAE04EC0-301F-11D3-BF4B-00C04F79EFBC}") = "CarSimulatorService", "CarSimulatorService\CarSimulatorService.csproj", "{2070B381-A425-4A62-BFC3-643A730DE7A5}"
EndProject
Project("{FAE04EC0-301F-11D3-BF4B-00C04F79EFBC}") = "CarSimulatorServer", "CarSimulatorServer\CarSimulatorServer.csproj", "{09FB4359-68C7-4A73-9434-07405DA8A2FD}"
EndProject
Global
	GlobalSection(SolutionConfigurationPlatforms) = preSolution
		Debug|Any CPU = Debug|Any CPU
		Release|Any CPU = Release|Any CPU
	EndGlobalSection
	GlobalSection(ProjectConfigurationPlatforms) = postSolution
		{2070B381-A425-4A62-BFC3-643A730DE7A5}.Debug|Any CPU.ActiveCfg = Debug|Any CPU
		{2070B381-A425-4A62-BFC3-643A730DE7A5}.Debug|Any CPU.Build.0 = Debug|Any CPU
		{2070B381-A425-4A62-BFC3-643A730DE7A5}.Release|Any CPU.ActiveCfg = Release|Any CPU
		{2070B381-A425-4A62-BFC3-643A730DE7A5}.Release|Any CPU.Build.0 = Release|Any CPU
		{09FB4359-68C7-4A73-9434-07405DA8A2FD}.Debug|Any CPU.ActiveCfg = Debug|Any CPU
		{09FB4359-68C7-4A73-9434-07405DA8A2FD}.Debug|Any CPU.Build.0 = Debug|Any CPU
		{09FB4359-68C7-4A73-9434-07405DA8A2FD}.Release|Any CPU.ActiveCfg = Release|Any CPU
		{09FB4359-68C7-4A73-9434-07405DA8A2FD}.Release|Any CPU.Build.0 = Release|Any CPU
	EndGlobalSection
	GlobalSection(SolutionProperties) = preSolution
		HideSolutionNode = FALSE
	EndGlobalSection
EndGlobal
